// !$*UTF8*$!
{
	archiveVersion = 1;
	classes = {
	};
	objectVersion = 46;
	objects = {

/* Begin PBXBuildFile section */
		19135AAB1D1F8B6200A25681 /* MoviesListVC.swift in Sources */ = {isa = PBXBuildFile; fileRef = 19135AAA1D1F8B6200A25681 /* MoviesListVC.swift */; };
		19135AAE1D1F8FCA00A25681 /* Movie+CoreDataProperties.swift in Sources */ = {isa = PBXBuildFile; fileRef = 19135AAC1D1F8FCA00A25681 /* Movie+CoreDataProperties.swift */; };
		19135AAF1D1F8FCA00A25681 /* Movie.swift in Sources */ = {isa = PBXBuildFile; fileRef = 19135AAD1D1F8FCA00A25681 /* Movie.swift */; };
		19135AB31D1F91AD00A25681 /* MovieCell.swift in Sources */ = {isa = PBXBuildFile; fileRef = 19135AB21D1F91AD00A25681 /* MovieCell.swift */; };
		19135AB51D20A2E100A25681 /* AddMovieVC.swift in Sources */ = {isa = PBXBuildFile; fileRef = 19135AB41D20A2E100A25681 /* AddMovieVC.swift */; };
		19135AB71D20E7AF00A25681 /* MovieDetailsVC.swift in Sources */ = {isa = PBXBuildFile; fileRef = 19135AB61D20E7AF00A25681 /* MovieDetailsVC.swift */; };
		19F0DB461D1CDCBE009FEDA8 /* AppDelegate.swift in Sources */ = {isa = PBXBuildFile; fileRef = 19F0DB451D1CDCBE009FEDA8 /* AppDelegate.swift */; };
		19F0DB481D1CDCBE009FEDA8 /* ViewController.swift in Sources */ = {isa = PBXBuildFile; fileRef = 19F0DB471D1CDCBE009FEDA8 /* ViewController.swift */; };
		19F0DB4B1D1CDCBE009FEDA8 /* Main.storyboard in Resources */ = {isa = PBXBuildFile; fileRef = 19F0DB491D1CDCBE009FEDA8 /* Main.storyboard */; };
		19F0DB4E1D1CDCBE009FEDA8 /* MyFavoriteMovies.xcdatamodeld in Sources */ = {isa = PBXBuildFile; fileRef = 19F0DB4C1D1CDCBE009FEDA8 /* MyFavoriteMovies.xcdatamodeld */; };
		19F0DB501D1CDCBE009FEDA8 /* Assets.xcassets in Resources */ = {isa = PBXBuildFile; fileRef = 19F0DB4F1D1CDCBE009FEDA8 /* Assets.xcassets */; };
		19F0DB531D1CDCBE009FEDA8 /* LaunchScreen.storyboard in Resources */ = {isa = PBXBuildFile; fileRef = 19F0DB511D1CDCBE009FEDA8 /* LaunchScreen.storyboard */; };
/* End PBXBuildFile section */

/* Begin PBXFileReference section */
		19135AAA1D1F8B6200A25681 /* MoviesListVC.swift */ = {isa = PBXFileReference; fileEncoding = 4; lastKnownFileType = sourcecode.swift; path = MoviesListVC.swift; sourceTree = "<group>"; };
		19135AAC1D1F8FCA00A25681 /* Movie+CoreDataProperties.swift */ = {isa = PBXFileReference; fileEncoding = 4; lastKnownFileType = sourcecode.swift; name = "Movie+CoreDataProperties.swift"; path = "../Movie+CoreDataProperties.swift"; sourceTree = "<group>"; };
		19135AAD1D1F8FCA00A25681 /* Movie.swift */ = {isa = PBXFileReference; fileEncoding = 4; lastKnownFileType = sourcecode.swift; name = Movie.swift; path = ../Movie.swift; sourceTree = "<group>"; };
		19135AB21D1F91AD00A25681 /* MovieCell.swift */ = {isa = PBXFileReference; fileEncoding = 4; lastKnownFileType = sourcecode.swift; path = MovieCell.swift; sourceTree = "<group>"; };
		19135AB41D20A2E100A25681 /* AddMovieVC.swift */ = {isa = PBXFileReference; fileEncoding = 4; lastKnownFileType = sourcecode.swift; path = AddMovieVC.swift; sourceTree = "<group>"; };
		19135AB61D20E7AF00A25681 /* MovieDetailsVC.swift */ = {isa = PBXFileReference; fileEncoding = 4; lastKnownFileType = sourcecode.swift; path = MovieDetailsVC.swift; sourceTree = "<group>"; };
		19F0DB421D1CDCBE009FEDA8 /* MyFavoriteMovies.app */ = {isa = PBXFileReference; explicitFileType = wrapper.application; includeInIndex = 0; path = MyFavoriteMovies.app; sourceTree = BUILT_PRODUCTS_DIR; };
		19F0DB451D1CDCBE009FEDA8 /* AppDelegate.swift */ = {isa = PBXFileReference; lastKnownFileType = sourcecode.swift; path = AppDelegate.swift; sourceTree = "<group>"; };
		19F0DB471D1CDCBE009FEDA8 /* ViewController.swift */ = {isa = PBXFileReference; lastKnownFileType = sourcecode.swift; path = ViewController.swift; sourceTree = "<group>"; };
		19F0DB4A1D1CDCBE009FEDA8 /* Base */ = {isa = PBXFileReference; lastKnownFileType = file.storyboard; name = Base; path = Base.lproj/Main.storyboard; sourceTree = "<group>"; };
		19F0DB4D1D1CDCBE009FEDA8 /* MyFavoriteMovies.xcdatamodel */ = {isa = PBXFileReference; lastKnownFileType = wrapper.xcdatamodel; path = MyFavoriteMovies.xcdatamodel; sourceTree = "<group>"; };
		19F0DB4F1D1CDCBE009FEDA8 /* Assets.xcassets */ = {isa = PBXFileReference; lastKnownFileType = folder.assetcatalog; path = Assets.xcassets; sourceTree = "<group>"; };
		19F0DB521D1CDCBE009FEDA8 /* Base */ = {isa = PBXFileReference; lastKnownFileType = file.storyboard; name = Base; path = Base.lproj/LaunchScreen.storyboard; sourceTree = "<group>"; };
		19F0DB541D1CDCBE009FEDA8 /* Info.plist */ = {isa = PBXFileReference; lastKnownFileType = text.plist.xml; path = Info.plist; sourceTree = "<group>"; };
/* End PBXFileReference section */

/* Begin PBXFrameworksBuildPhase section */
		19F0DB3F1D1CDCBE009FEDA8 /* Frameworks */ = {
			isa = PBXFrameworksBuildPhase;
			buildActionMask = 2147483647;
			files = (
			);
			runOnlyForDeploymentPostprocessing = 0;
		};
/* End PBXFrameworksBuildPhase section */

/* Begin PBXGroup section */
		19135AA91D1F8B4200A25681 /* Controller */ = {
			isa = PBXGroup;
			children = (
				19F0DB471D1CDCBE009FEDA8 /* ViewController.swift */,
				19135AAA1D1F8B6200A25681 /* MoviesListVC.swift */,
				19135AB41D20A2E100A25681 /* AddMovieVC.swift */,
				19135AB61D20E7AF00A25681 /* MovieDetailsVC.swift */,
			);
			name = Controller;
			sourceTree = "<group>";
		};
		19135AB01D1F8FDB00A25681 /* View */ = {
			isa = PBXGroup;
			children = (
				19135AB21D1F91AD00A25681 /* MovieCell.swift */,
			);
			name = View;
			sourceTree = "<group>";
		};
		19135AB11D1F8FE600A25681 /* Model */ = {
			isa = PBXGroup;
			children = (
				19135AAC1D1F8FCA00A25681 /* Movie+CoreDataProperties.swift */,
				19135AAD1D1F8FCA00A25681 /* Movie.swift */,
			);
			name = Model;
			sourceTree = "<group>";
		};
		19F0DB391D1CDCBE009FEDA8 = {
			isa = PBXGroup;
			children = (
				19F0DB441D1CDCBE009FEDA8 /* MyFavoriteMovies */,
				19F0DB431D1CDCBE009FEDA8 /* Products */,
			);
			sourceTree = "<group>";
		};
		19F0DB431D1CDCBE009FEDA8 /* Products */ = {
			isa = PBXGroup;
			children = (
				19F0DB421D1CDCBE009FEDA8 /* MyFavoriteMovies.app */,
			);
			name = Products;
			sourceTree = "<group>";
		};
		19F0DB441D1CDCBE009FEDA8 /* MyFavoriteMovies */ = {
			isa = PBXGroup;
			children = (
				19135AB11D1F8FE600A25681 /* Model */,
				19135AB01D1F8FDB00A25681 /* View */,
				19135AA91D1F8B4200A25681 /* Controller */,
				19F0DB451D1CDCBE009FEDA8 /* AppDelegate.swift */,
				19F0DB491D1CDCBE009FEDA8 /* Main.storyboard */,
				19F0DB4F1D1CDCBE009FEDA8 /* Assets.xcassets */,
				19F0DB511D1CDCBE009FEDA8 /* LaunchScreen.storyboard */,
				19F0DB541D1CDCBE009FEDA8 /* Info.plist */,
				19F0DB4C1D1CDCBE009FEDA8 /* MyFavoriteMovies.xcdatamodeld */,
			);
			path = MyFavoriteMovies;
			sourceTree = "<group>";
		};
/* End PBXGroup section */

/* Begin PBXNativeTarget section */
		19F0DB411D1CDCBE009FEDA8 /* MyFavoriteMovies */ = {
			isa = PBXNativeTarget;
			buildConfigurationList = 19F0DB571D1CDCBE009FEDA8 /* Build configuration list for PBXNativeTarget "MyFavoriteMovies" */;
			buildPhases = (
				19F0DB3E1D1CDCBE009FEDA8 /* Sources */,
				19F0DB3F1D1CDCBE009FEDA8 /* Frameworks */,
				19F0DB401D1CDCBE009FEDA8 /* Resources */,
			);
			buildRules = (
			);
			dependencies = (
			);
			name = MyFavoriteMovies;
			productName = MyFavoriteMovies;
			productReference = 19F0DB421D1CDCBE009FEDA8 /* MyFavoriteMovies.app */;
			productType = "com.apple.product-type.application";
		};
/* End PBXNativeTarget section */

/* Begin PBXProject section */
		19F0DB3A1D1CDCBE009FEDA8 /* Project object */ = {
			isa = PBXProject;
			attributes = {
				LastSwiftUpdateCheck = 0730;
				LastUpgradeCheck = 0730;
				ORGANIZATIONNAME = oneMore;
				TargetAttributes = {
					19F0DB411D1CDCBE009FEDA8 = {
						CreatedOnToolsVersion = 7.3.1;
						DevelopmentTeam = BDX7JNZ7KD;
					};
				};
			};
			buildConfigurationList = 19F0DB3D1D1CDCBE009FEDA8 /* Build configuration list for PBXProject "MyFavoriteMovies" */;
			compatibilityVersion = "Xcode 3.2";
			developmentRegion = English;
			hasScannedForEncodings = 0;
			knownRegions = (
				en,
				Base,
			);
			mainGroup = 19F0DB391D1CDCBE009FEDA8;
			productRefGroup = 19F0DB431D1CDCBE009FEDA8 /* Products */;
			projectDirPath = "";
			projectRoot = "";
			targets = (
				19F0DB411D1CDCBE009FEDA8 /* MyFavoriteMovies */,
			);
		};
/* End PBXProject section */

/* Begin PBXResourcesBuildPhase section */
		19F0DB401D1CDCBE009FEDA8 /* Resources */ = {
			isa = PBXResourcesBuildPhase;
			buildActionMask = 2147483647;
			files = (
				19F0DB531D1CDCBE009FEDA8 /* LaunchScreen.storyboard in Resources */,
				19F0DB501D1CDCBE009FEDA8 /* Assets.xcassets in Resources */,
				19F0DB4B1D1CDCBE009FEDA8 /* Main.storyboard in Resources */,
			);
			runOnlyForDeploymentPostprocessing = 0;
		};
/* End PBXResourcesBuildPhase section */

/* Begin PBXSourcesBuildPhase section */
		19F0DB3E1D1CDCBE009FEDA8 /* Sources */ = {
			isa = PBXSourcesBuildPhase;
			buildActionMask = 2147483647;
			files = (
				19135AB31D1F91AD00A25681 /* MovieCell.swift in Sources */,
				19F0DB4E1D1CDCBE009FEDA8 /* MyFavoriteMovies.xcdatamodeld in Sources */,
				19135AAE1D1F8FCA00A25681 /* Movie+CoreDataProperties.swift in Sources */,
				19135AAF1D1F8FCA00A25681 /* Movie.swift in Sources */,
				19135AAB1D1F8B6200A25681 /* MoviesListVC.swift in Sources */,
				19135AB71D20E7AF00A25681 /* MovieDetailsVC.swift in Sources */,
				19135AB51D20A2E100A25681 /* AddMovieVC.swift in Sources */,
				19F0DB481D1CDCBE009FEDA8 /* ViewController.swift in Sources */,
				19F0DB461D1CDCBE009FEDA8 /* AppDelegate.swift in Sources */,
			);
			runOnlyForDeploymentPostprocessing = 0;
		};
/* End PBXSourcesBuildPhase section */

/* Begin PBXVariantGroup section */
		19F0DB491D1CDCBE009FEDA8 /* Main.storyboard */ = {
			isa = PBXVariantGroup;
			children = (
				19F0DB4A1D1CDCBE009FEDA8 /* Base */,
			);
			name = Main.storyboard;
			sourceTree = "<group>";
		};
		19F0DB511D1CDCBE009FEDA8 /* LaunchScreen.storyboard */ = {
			isa = PBXVariantGroup;
			children = (
				19F0DB521D1CDCBE009FEDA8 /* Base */,
			);
			name = LaunchScreen.storyboard;
			sourceTree = "<group>";
		};
/* End PBXVariantGroup section */

/* Begin XCBuildConfiguration section */
		19F0DB551D1CDCBE009FEDA8 /* Debug */ = {
			isa = XCBuildConfiguration;
			buildSettings = {
				ALWAYS_SEARCH_USER_PATHS = NO;
				CLANG_ANALYZER_NONNULL = YES;
				CLANG_CXX_LANGUAGE_STANDARD = "gnu++0x";
				CLANG_CXX_LIBRARY = "libc++";
				CLANG_ENABLE_MODULES = YES;
				CLANG_ENABLE_OBJC_ARC = YES;
				CLANG_WARN_BOOL_CONVERSION = YES;
				CLANG_WARN_CONSTANT_CONVERSION = YES;
				CLANG_WARN_DIRECT_OBJC_ISA_USAGE = YES_ERROR;
				CLANG_WARN_EMPTY_BODY = YES;
				CLANG_WARN_ENUM_CONVERSION = YES;
				CLANG_WARN_INT_CONVERSION = YES;
				CLANG_WARN_OBJC_ROOT_CLASS = YES_ERROR;
				CLANG_WARN_UNREACHABLE_CODE = YES;
				CLANG_WARN__DUPLICATE_METHOD_MATCH = YES;
				"CODE_SIGN_IDENTITY[sdk=iphoneos*]" = "iPhone Developer";
				COPY_PHASE_STRIP = NO;
				DEBUG_INFORMATION_FORMAT = dwarf;
				ENABLE_STRICT_OBJC_MSGSEND = YES;
				ENABLE_TESTABILITY = YES;
				GCC_C_LANGUAGE_STANDARD = gnu99;
				GCC_DYNAMIC_NO_PIC = NO;
				GCC_NO_COMMON_BLOCKS = YES;
				GCC_OPTIMIZATION_LEVEL = 0;
				GCC_PREPROCESSOR_DEFINITIONS = (
					"DEBUG=1",
					"$(inherited)",
				);
				GCC_WARN_64_TO_32_BIT_CONVERSION = YES;
				GCC_WARN_ABOUT_RETURN_TYPE = YES_ERROR;
				GCC_WARN_UNDECLARED_SELECTOR = YES;
				GCC_WARN_UNINITIALIZED_AUTOS = YES_AGGRESSIVE;
				GCC_WARN_UNUSED_FUNCTION = YES;
				GCC_WARN_UNUSED_VARIABLE = YES;
				IPHONEOS_DEPLOYMENT_TARGET = 9.3;
				MTL_ENABLE_DEBUG_INFO = YES;
				ONLY_ACTIVE_ARCH = YES;
				SDKROOT = iphoneos;
				SWIFT_OPTIMIZATION_LEVEL = "-Onone";
				TARGETED_DEVICE_FAMILY = "1,2";
			};
			name = Debug;
		};
		19F0DB561D1CDCBE009FEDA8 /* Release */ = {
			isa = XCBuildConfiguration;
			buildSettings = {
				ALWAYS_SEARCH_USER_PATHS = NO;
				CLANG_ANALYZER_NONNULL = YES;
				CLANG_CXX_LANGUAGE_STANDARD = "gnu++0x";
				CLANG_CXX_LIBRARY = "libc++";
				CLANG_ENABLE_MODULES = YES;
				CLANG_ENABLE_OBJC_ARC = YES;
				CLANG_WARN_BOOL_CONVERSION = YES;
				CLANG_WARN_CONSTANT_CONVERSION = YES;
				CLANG_WARN_DIRECT_OBJC_ISA_USAGE = YES_ERROR;
				CLANG_WARN_EMPTY_BODY = YES;
				CLANG_WARN_ENUM_CONVERSION = YES;
				CLANG_WARN_INT_CONVERSION = YES;
				CLANG_WARN_OBJC_ROOT_CLASS = YES_ERROR;
				CLANG_WARN_UNREACHABLE_CODE = YES;
				CLANG_WARN__DUPLICATE_METHOD_MATCH = YES;
				"CODE_SIGN_IDENTITY[sdk=iphoneos*]" = "iPhone Developer";
				COPY_PHASE_STRIP = NO;
				DEBUG_INFORMATION_FORMAT = "dwarf-with-dsym";
				ENABLE_NS_ASSERTIONS = NO;
				ENABLE_STRICT_OBJC_MSGSEND = YES;
				GCC_C_LANGUAGE_STANDARD = gnu99;
				GCC_NO_COMMON_BLOCKS = YES;
				GCC_WARN_64_TO_32_BIT_CONVERSION = YES;
				GCC_WARN_ABOUT_RETURN_TYPE = YES_ERROR;
				GCC_WARN_UNDECLARED_SELECTOR = YES;
				GCC_WARN_UNINITIALIZED_AUTOS = YES_AGGRESSIVE;
				GCC_WARN_UNUSED_FUNCTION = YES;
				GCC_WARN_UNUSED_VARIABLE = YES;
				IPHONEOS_DEPLOYMENT_TARGET = 9.3;
				MTL_ENABLE_DEBUG_INFO = NO;
				SDKROOT = iphoneos;
				TARGETED_DEVICE_FAMILY = "1,2";
				VALIDATE_PRODUCT = YES;
			};
			name = Release;
		};
		19F0DB581D1CDCBE009FEDA8 /* Debug */ = {
			isa = XCBuildConfiguration;
			buildSettings = {
				ASSETCATALOG_COMPILER_APPICON_NAME = AppIcon;
				INFOPLIST_FILE = MyFavoriteMovies/Info.plist;
				LD_RUNPATH_SEARCH_PATHS = "$(inherited) @executable_path/Frameworks";
				PRODUCT_BUNDLE_IDENTIFIER = oneMore.MyFavoriteMovies;
				PRODUCT_NAME = "$(TARGET_NAME)";
			};
			name = Debug;
		};
		19F0DB591D1CDCBE009FEDA8 /* Release */ = {
			isa = XCBuildConfiguration;
			buildSettings = {
				ASSETCATALOG_COMPILER_APPICON_NAME = AppIcon;
				INFOPLIST_FILE = MyFavoriteMovies/Info.plist;
				LD_RUNPATH_SEARCH_PATHS = "$(inherited) @executable_path/Frameworks";
				PRODUCT_BUNDLE_IDENTIFIER = oneMore.MyFavoriteMovies;
				PRODUCT_NAME = "$(TARGET_NAME)";
			};
			name = Release;
		};
/* End XCBuildConfiguration section */

/* Begin XCConfigurationList section */
		19F0DB3D1D1CDCBE009FEDA8 /* Build configuration list for PBXProject "MyFavoriteMovies" */ = {
			isa = XCConfigurationList;
			buildConfigurations = (
				19F0DB551D1CDCBE009FEDA8 /* Debug */,
				19F0DB561D1CDCBE009FEDA8 /* Release */,
			);
			defaultConfigurationIsVisible = 0;
			defaultConfigurationName = Release;
		};
		19F0DB571D1CDCBE009FEDA8 /* Build configuration list for PBXNativeTarget "MyFavoriteMovies" */ = {
			isa = XCConfigurationList;
			buildConfigurations = (
				19F0DB581D1CDCBE009FEDA8 /* Debug */,
				19F0DB591D1CDCBE009FEDA8 /* Release */,
			);
			defaultConfigurationIsVisible = 0;
			defaultConfigurationName = Release;
		};
/* End XCConfigurationList section */

/* Begin XCVersionGroup section */
		19F0DB4C1D1CDCBE009FEDA8 /* MyFavoriteMovies.xcdatamodeld */ = {
			isa = XCVersionGroup;
			children = (
				19F0DB4D1D1CDCBE009FEDA8 /* MyFavoriteMovies.xcdatamodel */,
			);
			currentVersion = 19F0DB4D1D1CDCBE009FEDA8 /* MyFavoriteMovies.xcdatamodel */;
			path = MyFavoriteMovies.xcdatamodeld;
			sourceTree = "<group>";
			versionGroupType = wrapper.xcdatamodel;
		};
/* End XCVersionGroup section */
	};
	rootObject = 19F0DB3A1D1CDCBE009FEDA8 /* Project object */;
}
